
Microsoft Visual Studio Solution File, Format Version 12.00
# Visual Studio Version 16
VisualStudioVersion = 16.0.32428.217
MinimumVisualStudioVersion = 10.0.40219.1
Project("{FAE04EC0-301F-11D3-BF4B-00C04F79EFBC}") = "tugas1API", "tugas1API\tugas1API.csproj", "{499E8B69-472A-4BEB-817D-C880D9F6AFF6}"
EndProject
Global
	GlobalSection(SolutionConfigurationPlatforms) = preSolution
		Debug|Any CPU = Debug|Any CPU
		Release|Any CPU = Release|Any CPU
	EndGlobalSection
	GlobalSection(ProjectConfigurationPlatforms) = postSolution
		{499E8B69-472A-4BEB-817D-C880D9F6AFF6}.Debug|Any CPU.ActiveCfg = Debug|Any CPU
		{499E8B69-472A-4BEB-817D-C880D9F6AFF6}.Debug|Any CPU.Build.0 = Debug|Any CPU
		{499E8B69-472A-4BEB-817D-C880D9F6AFF6}.Release|Any CPU.ActiveCfg = Release|Any CPU
		{499E8B69-472A-4BEB-817D-C880D9F6AFF6}.Release|Any CPU.Build.0 = Release|Any CPU
	EndGlobalSection
	GlobalSection(SolutionProperties) = preSolution
		HideSolutionNode = FALSE
	EndGlobalSection
	GlobalSection(ExtensibilityGlobals) = postSolution
		SolutionGuid = {DD5E1899-5CAB-45F0-9C19-219CBF59C8B8}
	EndGlobalSection
EndGlobal
